// !$*UTF8*$!
{
	archiveVersion = 1;
	classes = {
	};
	objectVersion = 56;
	objects = {

/* Begin PBXBuildFile section */
		F102952429F12B9F00C8CA5E /* SidebarView.swift in Sources */ = {isa = PBXBuildFile; fileRef = F102952329F12B9F00C8CA5E /* SidebarView.swift */; };
		F102952629F1343000C8CA5E /* SplitViewNavigationRouter.swift in Sources */ = {isa = PBXBuildFile; fileRef = F102952529F1343000C8CA5E /* SplitViewNavigationRouter.swift */; };
		F102952929F134AC00C8CA5E /* ContentView.swift in Sources */ = {isa = PBXBuildFile; fileRef = F102952829F134AC00C8CA5E /* ContentView.swift */; };
		F102952D29F15BB500C8CA5E /* WelcomeView.swift in Sources */ = {isa = PBXBuildFile; fileRef = F102952C29F15BB500C8CA5E /* WelcomeView.swift */; };
		F102952F29F15BC700C8CA5E /* PromptView.swift in Sources */ = {isa = PBXBuildFile; fileRef = F102952E29F15BC700C8CA5E /* PromptView.swift */; };
		F102953A29F2C52A00C8CA5E /* LocationView.swift in Sources */ = {isa = PBXBuildFile; fileRef = F102953929F2C52A00C8CA5E /* LocationView.swift */; };
		F106CD3229EE886B004BC0D2 /* DestiAIApp.swift in Sources */ = {isa = PBXBuildFile; fileRef = F106CD3129EE886B004BC0D2 /* DestiAIApp.swift */; };
		F106CD3429EE886B004BC0D2 /* InputView.swift in Sources */ = {isa = PBXBuildFile; fileRef = F106CD3329EE886B004BC0D2 /* InputView.swift */; };
		F106CD3629EE886D004BC0D2 /* Assets.xcassets in Resources */ = {isa = PBXBuildFile; fileRef = F106CD3529EE886D004BC0D2 /* Assets.xcassets */; };
		F106CD3A29EE886D004BC0D2 /* Preview Assets.xcassets in Resources */ = {isa = PBXBuildFile; fileRef = F106CD3929EE886D004BC0D2 /* Preview Assets.xcassets */; };
		F106CD4429EE886D004BC0D2 /* DestiAITests.swift in Sources */ = {isa = PBXBuildFile; fileRef = F106CD4329EE886D004BC0D2 /* DestiAITests.swift */; };
		F106CD4E29EE886E004BC0D2 /* DestiAIUITests.swift in Sources */ = {isa = PBXBuildFile; fileRef = F106CD4D29EE886E004BC0D2 /* DestiAIUITests.swift */; };
		F106CD5029EE886E004BC0D2 /* DestiAIUITestsLaunchTests.swift in Sources */ = {isa = PBXBuildFile; fileRef = F106CD4F29EE886E004BC0D2 /* DestiAIUITestsLaunchTests.swift */; };
		F106CD6129EEA5BE004BC0D2 /* QuestionsView.swift in Sources */ = {isa = PBXBuildFile; fileRef = F106CD6029EEA5BE004BC0D2 /* QuestionsView.swift */; };
		F106CD6329EEBB44004BC0D2 /* Color+DestiAI.swift in Sources */ = {isa = PBXBuildFile; fileRef = F106CD6229EEBB44004BC0D2 /* Color+DestiAI.swift */; };
		F106CD6929EFD0D8004BC0D2 /* InputViewModel.swift in Sources */ = {isa = PBXBuildFile; fileRef = F106CD6829EFD0D8004BC0D2 /* InputViewModel.swift */; };
		F106CD7D29EFFB29004BC0D2 /* PromptData.swift in Sources */ = {isa = PBXBuildFile; fileRef = F106CD7C29EFFB29004BC0D2 /* PromptData.swift */; };
		F106CD7F29F00E2B004BC0D2 /* SplitView.swift in Sources */ = {isa = PBXBuildFile; fileRef = F106CD7E29F00E2B004BC0D2 /* SplitView.swift */; };
		F151CED029F6A2A200B2CDE2 /* IdentifiableLocation.swift in Sources */ = {isa = PBXBuildFile; fileRef = F151CECF29F6A2A200B2CDE2 /* IdentifiableLocation.swift */; };
		F151CED229F6A2C300B2CDE2 /* MapView.swift in Sources */ = {isa = PBXBuildFile; fileRef = F151CED129F6A2C300B2CDE2 /* MapView.swift */; };
		F151CED629F6A72E00B2CDE2 /* CLLocationCoordinate2D+Equatable.swift in Sources */ = {isa = PBXBuildFile; fileRef = F151CED529F6A72E00B2CDE2 /* CLLocationCoordinate2D+Equatable.swift */; };
		F1628C4729F66AC100F15463 /* LocationViewModel.swift in Sources */ = {isa = PBXBuildFile; fileRef = F1628C4629F66AC100F15463 /* LocationViewModel.swift */; };
		F1628C4929F6752400F15463 /* LocationPickerView.swift in Sources */ = {isa = PBXBuildFile; fileRef = F1628C4829F6752400F15463 /* LocationPickerView.swift */; };
		F1628C4B29F686E100F15463 /* GeocoderService.swift in Sources */ = {isa = PBXBuildFile; fileRef = F1628C4A29F686E100F15463 /* GeocoderService.swift */; };
		F1628C4D29F6879A00F15463 /* AppleGeocoderService.swift in Sources */ = {isa = PBXBuildFile; fileRef = F1628C4C29F6879A00F15463 /* AppleGeocoderService.swift */; };
		F17886562A2F41EC0021BF74 /* Collection+SafeIndex.swift in Sources */ = {isa = PBXBuildFile; fileRef = F17886552A2F41EC0021BF74 /* Collection+SafeIndex.swift */; };
		F1AC929D2A24974600CDB286 /* SuggestionActivitiesView.swift in Sources */ = {isa = PBXBuildFile; fileRef = F1AC929C2A24974600CDB286 /* SuggestionActivitiesView.swift */; };
		F1AC92A02A24D1CA00CDB286 /* SuggestionStackNavigationRouter.swift in Sources */ = {isa = PBXBuildFile; fileRef = F1AC929F2A24D1CA00CDB286 /* SuggestionStackNavigationRouter.swift */; };
		F1AC92A22A24D37E00CDB286 /* StackNavigationView_iOS.swift in Sources */ = {isa = PBXBuildFile; fileRef = F1AC92A12A24D37E00CDB286 /* StackNavigationView_iOS.swift */; };
		F1AC92A62A25FA0700CDB286 /* StackNavigationRouter.swift in Sources */ = {isa = PBXBuildFile; fileRef = F1AC92A52A25FA0700CDB286 /* StackNavigationRouter.swift */; };
		F1AC92A82A25FACA00CDB286 /* StackNavigationView.swift in Sources */ = {isa = PBXBuildFile; fileRef = F1AC92A72A25FACA00CDB286 /* StackNavigationView.swift */; };
		F1AC92AA2A264A7000CDB286 /* SuggestionAccomodationView.swift in Sources */ = {isa = PBXBuildFile; fileRef = F1AC92A92A264A7000CDB286 /* SuggestionAccomodationView.swift */; };
		F1B1111D2A1CF86500BA863D /* SuggestionTitleView.swift in Sources */ = {isa = PBXBuildFile; fileRef = F1B1111C2A1CF86500BA863D /* SuggestionTitleView.swift */; };
		F1B5BF562A00F2F500E98432 /* SearchView.swift in Sources */ = {isa = PBXBuildFile; fileRef = F1B5BF552A00F2F500E98432 /* SearchView.swift */; };
		F1B5BF582A023F5400E98432 /* SearchViewModel.swift in Sources */ = {isa = PBXBuildFile; fileRef = F1B5BF572A023F5400E98432 /* SearchViewModel.swift */; };
		F1B5BF5A2A02478600E98432 /* ChatGPTService.swift in Sources */ = {isa = PBXBuildFile; fileRef = F1B5BF592A02478600E98432 /* ChatGPTService.swift */; };
		F1B5BF5C2A02766100E98432 /* Suggestion.swift in Sources */ = {isa = PBXBuildFile; fileRef = F1B5BF5B2A02766100E98432 /* Suggestion.swift */; };
		F1B5BF5E2A028A9300E98432 /* SuggestionViewModel.swift in Sources */ = {isa = PBXBuildFile; fileRef = F1B5BF5D2A028A9300E98432 /* SuggestionViewModel.swift */; };
		F1B5BF602A028C7D00E98432 /* SuggestionView.swift in Sources */ = {isa = PBXBuildFile; fileRef = F1B5BF5F2A028C7D00E98432 /* SuggestionView.swift */; };
		F1B5BF632A041BA300E98432 /* Date+Formatted.swift in Sources */ = {isa = PBXBuildFile; fileRef = F1B5BF622A041BA300E98432 /* Date+Formatted.swift */; };
		F1EF83E62A136E3700601EED /* SuggestionService.swift in Sources */ = {isa = PBXBuildFile; fileRef = F1EF83E52A136E3700601EED /* SuggestionService.swift */; };
		F1EF83E82A13712600601EED /* ImageService.swift in Sources */ = {isa = PBXBuildFile; fileRef = F1EF83E72A13712500601EED /* ImageService.swift */; };
		F1EF83EA2A13714100601EED /* UnsplashImageService.swift in Sources */ = {isa = PBXBuildFile; fileRef = F1EF83E92A13714100601EED /* UnsplashImageService.swift */; };
/* End PBXBuildFile section */

/* Begin PBXContainerItemProxy section */
		F106CD4029EE886D004BC0D2 /* PBXContainerItemProxy */ = {
			isa = PBXContainerItemProxy;
			containerPortal = F106CD2629EE886B004BC0D2 /* Project object */;
			proxyType = 1;
			remoteGlobalIDString = F106CD2D29EE886B004BC0D2;
			remoteInfo = DestiAI;
		};
		F106CD4A29EE886E004BC0D2 /* PBXContainerItemProxy */ = {
			isa = PBXContainerItemProxy;
			containerPortal = F106CD2629EE886B004BC0D2 /* Project object */;
			proxyType = 1;
			remoteGlobalIDString = F106CD2D29EE886B004BC0D2;
			remoteInfo = DestiAI;
		};
/* End PBXContainerItemProxy section */

/* Begin PBXFileReference section */
		F102952329F12B9F00C8CA5E /* SidebarView.swift */ = {isa = PBXFileReference; lastKnownFileType = sourcecode.swift; path = SidebarView.swift; sourceTree = "<group>"; };
		F102952529F1343000C8CA5E /* SplitViewNavigationRouter.swift */ = {isa = PBXFileReference; lastKnownFileType = sourcecode.swift; path = SplitViewNavigationRouter.swift; sourceTree = "<group>"; };
		F102952829F134AC00C8CA5E /* ContentView.swift */ = {isa = PBXFileReference; lastKnownFileType = sourcecode.swift; path = ContentView.swift; sourceTree = "<group>"; };
		F102952C29F15BB500C8CA5E /* WelcomeView.swift */ = {isa = PBXFileReference; lastKnownFileType = sourcecode.swift; path = WelcomeView.swift; sourceTree = "<group>"; };
		F102952E29F15BC700C8CA5E /* PromptView.swift */ = {isa = PBXFileReference; lastKnownFileType = sourcecode.swift; path = PromptView.swift; sourceTree = "<group>"; };
		F102953929F2C52A00C8CA5E /* LocationView.swift */ = {isa = PBXFileReference; lastKnownFileType = sourcecode.swift; path = LocationView.swift; sourceTree = "<group>"; };
		F102953B29F2C98200C8CA5E /* Info.plist */ = {isa = PBXFileReference; lastKnownFileType = text.plist; path = Info.plist; sourceTree = "<group>"; };
		F106CD2E29EE886B004BC0D2 /* DestiAI.app */ = {isa = PBXFileReference; explicitFileType = wrapper.application; includeInIndex = 0; path = DestiAI.app; sourceTree = BUILT_PRODUCTS_DIR; };
		F106CD3129EE886B004BC0D2 /* DestiAIApp.swift */ = {isa = PBXFileReference; lastKnownFileType = sourcecode.swift; path = DestiAIApp.swift; sourceTree = "<group>"; };
		F106CD3329EE886B004BC0D2 /* InputView.swift */ = {isa = PBXFileReference; lastKnownFileType = sourcecode.swift; path = InputView.swift; sourceTree = "<group>"; };
		F106CD3529EE886D004BC0D2 /* Assets.xcassets */ = {isa = PBXFileReference; lastKnownFileType = folder.assetcatalog; path = Assets.xcassets; sourceTree = "<group>"; };
		F106CD3729EE886D004BC0D2 /* DestiAI.entitlements */ = {isa = PBXFileReference; lastKnownFileType = text.plist.entitlements; path = DestiAI.entitlements; sourceTree = "<group>"; };
		F106CD3929EE886D004BC0D2 /* Preview Assets.xcassets */ = {isa = PBXFileReference; lastKnownFileType = folder.assetcatalog; path = "Preview Assets.xcassets"; sourceTree = "<group>"; };
		F106CD3F29EE886D004BC0D2 /* DestiAITests.xctest */ = {isa = PBXFileReference; explicitFileType = wrapper.cfbundle; includeInIndex = 0; path = DestiAITests.xctest; sourceTree = BUILT_PRODUCTS_DIR; };
		F106CD4329EE886D004BC0D2 /* DestiAITests.swift */ = {isa = PBXFileReference; lastKnownFileType = sourcecode.swift; path = DestiAITests.swift; sourceTree = "<group>"; };
		F106CD4929EE886E004BC0D2 /* DestiAIUITests.xctest */ = {isa = PBXFileReference; explicitFileType = wrapper.cfbundle; includeInIndex = 0; path = DestiAIUITests.xctest; sourceTree = BUILT_PRODUCTS_DIR; };
		F106CD4D29EE886E004BC0D2 /* DestiAIUITests.swift */ = {isa = PBXFileReference; lastKnownFileType = sourcecode.swift; path = DestiAIUITests.swift; sourceTree = "<group>"; };
		F106CD4F29EE886E004BC0D2 /* DestiAIUITestsLaunchTests.swift */ = {isa = PBXFileReference; lastKnownFileType = sourcecode.swift; path = DestiAIUITestsLaunchTests.swift; sourceTree = "<group>"; };
		F106CD6029EEA5BE004BC0D2 /* QuestionsView.swift */ = {isa = PBXFileReference; lastKnownFileType = sourcecode.swift; path = QuestionsView.swift; sourceTree = "<group>"; };
		F106CD6229EEBB44004BC0D2 /* Color+DestiAI.swift */ = {isa = PBXFileReference; lastKnownFileType = sourcecode.swift; path = "Color+DestiAI.swift"; sourceTree = "<group>"; };
		F106CD6829EFD0D8004BC0D2 /* InputViewModel.swift */ = {isa = PBXFileReference; lastKnownFileType = sourcecode.swift; path = InputViewModel.swift; sourceTree = "<group>"; };
		F106CD7C29EFFB29004BC0D2 /* PromptData.swift */ = {isa = PBXFileReference; fileEncoding = 4; lastKnownFileType = sourcecode.swift; path = PromptData.swift; sourceTree = "<group>"; };
		F106CD7E29F00E2B004BC0D2 /* SplitView.swift */ = {isa = PBXFileReference; lastKnownFileType = sourcecode.swift; path = SplitView.swift; sourceTree = "<group>"; };
		F151CECF29F6A2A200B2CDE2 /* IdentifiableLocation.swift */ = {isa = PBXFileReference; lastKnownFileType = sourcecode.swift; path = IdentifiableLocation.swift; sourceTree = "<group>"; };
		F151CED129F6A2C300B2CDE2 /* MapView.swift */ = {isa = PBXFileReference; lastKnownFileType = sourcecode.swift; path = MapView.swift; sourceTree = "<group>"; };
		F151CED529F6A72E00B2CDE2 /* CLLocationCoordinate2D+Equatable.swift */ = {isa = PBXFileReference; lastKnownFileType = sourcecode.swift; path = "CLLocationCoordinate2D+Equatable.swift"; sourceTree = "<group>"; };
		F1628C4629F66AC100F15463 /* LocationViewModel.swift */ = {isa = PBXFileReference; lastKnownFileType = sourcecode.swift; path = LocationViewModel.swift; sourceTree = "<group>"; };
		F1628C4829F6752400F15463 /* LocationPickerView.swift */ = {isa = PBXFileReference; lastKnownFileType = sourcecode.swift; path = LocationPickerView.swift; sourceTree = "<group>"; };
		F1628C4A29F686E100F15463 /* GeocoderService.swift */ = {isa = PBXFileReference; lastKnownFileType = sourcecode.swift; path = GeocoderService.swift; sourceTree = "<group>"; };
		F1628C4C29F6879A00F15463 /* AppleGeocoderService.swift */ = {isa = PBXFileReference; lastKnownFileType = sourcecode.swift; path = AppleGeocoderService.swift; sourceTree = "<group>"; };
		F17886552A2F41EC0021BF74 /* Collection+SafeIndex.swift */ = {isa = PBXFileReference; lastKnownFileType = sourcecode.swift; path = "Collection+SafeIndex.swift"; sourceTree = "<group>"; };
		F1AC929C2A24974600CDB286 /* SuggestionActivitiesView.swift */ = {isa = PBXFileReference; lastKnownFileType = sourcecode.swift; path = SuggestionActivitiesView.swift; sourceTree = "<group>"; };
		F1AC929F2A24D1CA00CDB286 /* SuggestionStackNavigationRouter.swift */ = {isa = PBXFileReference; lastKnownFileType = sourcecode.swift; path = SuggestionStackNavigationRouter.swift; sourceTree = "<group>"; };
		F1AC92A12A24D37E00CDB286 /* StackNavigationView_iOS.swift */ = {isa = PBXFileReference; lastKnownFileType = sourcecode.swift; path = StackNavigationView_iOS.swift; sourceTree = "<group>"; };
		F1AC92A52A25FA0700CDB286 /* StackNavigationRouter.swift */ = {isa = PBXFileReference; lastKnownFileType = sourcecode.swift; path = StackNavigationRouter.swift; sourceTree = "<group>"; };
		F1AC92A72A25FACA00CDB286 /* StackNavigationView.swift */ = {isa = PBXFileReference; lastKnownFileType = sourcecode.swift; path = StackNavigationView.swift; sourceTree = "<group>"; };
		F1AC92A92A264A7000CDB286 /* SuggestionAccomodationView.swift */ = {isa = PBXFileReference; lastKnownFileType = sourcecode.swift; path = SuggestionAccomodationView.swift; sourceTree = "<group>"; };
		F1B1111C2A1CF86500BA863D /* SuggestionTitleView.swift */ = {isa = PBXFileReference; lastKnownFileType = sourcecode.swift; path = SuggestionTitleView.swift; sourceTree = "<group>"; };
		F1B5BF552A00F2F500E98432 /* SearchView.swift */ = {isa = PBXFileReference; lastKnownFileType = sourcecode.swift; path = SearchView.swift; sourceTree = "<group>"; };
		F1B5BF572A023F5400E98432 /* SearchViewModel.swift */ = {isa = PBXFileReference; lastKnownFileType = sourcecode.swift; path = SearchViewModel.swift; sourceTree = "<group>"; };
		F1B5BF592A02478600E98432 /* ChatGPTService.swift */ = {isa = PBXFileReference; lastKnownFileType = sourcecode.swift; path = ChatGPTService.swift; sourceTree = "<group>"; };
		F1B5BF5B2A02766100E98432 /* Suggestion.swift */ = {isa = PBXFileReference; lastKnownFileType = sourcecode.swift; path = Suggestion.swift; sourceTree = "<group>"; };
		F1B5BF5D2A028A9300E98432 /* SuggestionViewModel.swift */ = {isa = PBXFileReference; lastKnownFileType = sourcecode.swift; path = SuggestionViewModel.swift; sourceTree = "<group>"; };
		F1B5BF5F2A028C7D00E98432 /* SuggestionView.swift */ = {isa = PBXFileReference; lastKnownFileType = sourcecode.swift; path = SuggestionView.swift; sourceTree = "<group>"; };
		F1B5BF622A041BA300E98432 /* Date+Formatted.swift */ = {isa = PBXFileReference; lastKnownFileType = sourcecode.swift; path = "Date+Formatted.swift"; sourceTree = "<group>"; };
		F1EF83E52A136E3700601EED /* SuggestionService.swift */ = {isa = PBXFileReference; lastKnownFileType = sourcecode.swift; path = SuggestionService.swift; sourceTree = "<group>"; };
		F1EF83E72A13712500601EED /* ImageService.swift */ = {isa = PBXFileReference; lastKnownFileType = sourcecode.swift; path = ImageService.swift; sourceTree = "<group>"; };
		F1EF83E92A13714100601EED /* UnsplashImageService.swift */ = {isa = PBXFileReference; lastKnownFileType = sourcecode.swift; path = UnsplashImageService.swift; sourceTree = "<group>"; };
/* End PBXFileReference section */

/* Begin PBXFrameworksBuildPhase section */
		F106CD2B29EE886B004BC0D2 /* Frameworks */ = {
			isa = PBXFrameworksBuildPhase;
			buildActionMask = 2147483647;
			files = (
			);
			runOnlyForDeploymentPostprocessing = 0;
		};
		F106CD3C29EE886D004BC0D2 /* Frameworks */ = {
			isa = PBXFrameworksBuildPhase;
			buildActionMask = 2147483647;
			files = (
			);
			runOnlyForDeploymentPostprocessing = 0;
		};
		F106CD4629EE886E004BC0D2 /* Frameworks */ = {
			isa = PBXFrameworksBuildPhase;
			buildActionMask = 2147483647;
			files = (
			);
			runOnlyForDeploymentPostprocessing = 0;
		};
/* End PBXFrameworksBuildPhase section */

/* Begin PBXGroup section */
		F102952729F1349600C8CA5E /* AppNavigation */ = {
			isa = PBXGroup;
			children = (
				F102952529F1343000C8CA5E /* SplitViewNavigationRouter.swift */,
				F106CD7E29F00E2B004BC0D2 /* SplitView.swift */,
				F102952329F12B9F00C8CA5E /* SidebarView.swift */,
				F102952829F134AC00C8CA5E /* ContentView.swift */,
				F1B5BF552A00F2F500E98432 /* SearchView.swift */,
			);
			path = AppNavigation;
			sourceTree = "<group>";
		};
		F102952A29F1583900C8CA5E /* AI */ = {
			isa = PBXGroup;
			children = (
				F106CD3329EE886B004BC0D2 /* InputView.swift */,
				F102952C29F15BB500C8CA5E /* WelcomeView.swift */,
				F102953929F2C52A00C8CA5E /* LocationView.swift */,
				F1628C4829F6752400F15463 /* LocationPickerView.swift */,
				F106CD6029EEA5BE004BC0D2 /* QuestionsView.swift */,
				F102952E29F15BC700C8CA5E /* PromptView.swift */,
			);
			path = AI;
			sourceTree = "<group>";
		};
		F106CD2529EE886B004BC0D2 = {
			isa = PBXGroup;
			children = (
				F106CD3029EE886B004BC0D2 /* DestiAI */,
				F106CD4229EE886D004BC0D2 /* DestiAITests */,
				F106CD4C29EE886E004BC0D2 /* DestiAIUITests */,
				F106CD2F29EE886B004BC0D2 /* Products */,
			);
			sourceTree = "<group>";
		};
		F106CD2F29EE886B004BC0D2 /* Products */ = {
			isa = PBXGroup;
			children = (
				F106CD2E29EE886B004BC0D2 /* DestiAI.app */,
				F106CD3F29EE886D004BC0D2 /* DestiAITests.xctest */,
				F106CD4929EE886E004BC0D2 /* DestiAIUITests.xctest */,
			);
			name = Products;
			sourceTree = "<group>";
		};
		F106CD3029EE886B004BC0D2 /* DestiAI */ = {
			isa = PBXGroup;
			children = (
				F102953B29F2C98200C8CA5E /* Info.plist */,
				F106CD3129EE886B004BC0D2 /* DestiAIApp.swift */,
				F106CD6C29EFE242004BC0D2 /* Views */,
				F106CD6D29EFE256004BC0D2 /* ViewModels */,
				F106CD7129EFE3B8004BC0D2 /* Models */,
				F106CD7029EFE297004BC0D2 /* Services */,
				F151CED429F6A70900B2CDE2 /* Extenstions */,
				F106CD3529EE886D004BC0D2 /* Assets.xcassets */,
				F106CD3729EE886D004BC0D2 /* DestiAI.entitlements */,
				F106CD3829EE886D004BC0D2 /* Preview Content */,
			);
			path = DestiAI;
			sourceTree = "<group>";
		};
		F106CD3829EE886D004BC0D2 /* Preview Content */ = {
			isa = PBXGroup;
			children = (
				F106CD3929EE886D004BC0D2 /* Preview Assets.xcassets */,
			);
			path = "Preview Content";
			sourceTree = "<group>";
		};
		F106CD4229EE886D004BC0D2 /* DestiAITests */ = {
			isa = PBXGroup;
			children = (
				F106CD4329EE886D004BC0D2 /* DestiAITests.swift */,
			);
			path = DestiAITests;
			sourceTree = "<group>";
		};
		F106CD4C29EE886E004BC0D2 /* DestiAIUITests */ = {
			isa = PBXGroup;
			children = (
				F106CD4D29EE886E004BC0D2 /* DestiAIUITests.swift */,
				F106CD4F29EE886E004BC0D2 /* DestiAIUITestsLaunchTests.swift */,
			);
			path = DestiAIUITests;
			sourceTree = "<group>";
		};
		F106CD6C29EFE242004BC0D2 /* Views */ = {
			isa = PBXGroup;
			children = (
				F102952729F1349600C8CA5E /* AppNavigation */,
				F102952A29F1583900C8CA5E /* AI */,
				F1B5BF612A028C8100E98432 /* Suggestion */,
				F151CED329F6A2ED00B2CDE2 /* Map */,
				F1AC92A32A25F95500CDB286 /* StackNavigation */,
			);
			path = Views;
			sourceTree = "<group>";
		};
		F106CD6D29EFE256004BC0D2 /* ViewModels */ = {
			isa = PBXGroup;
			children = (
				F106CD6829EFD0D8004BC0D2 /* InputViewModel.swift */,
				F1628C4629F66AC100F15463 /* LocationViewModel.swift */,
				F1B5BF572A023F5400E98432 /* SearchViewModel.swift */,
				F1B5BF5D2A028A9300E98432 /* SuggestionViewModel.swift */,
			);
			path = ViewModels;
			sourceTree = "<group>";
		};
		F106CD7029EFE297004BC0D2 /* Services */ = {
			isa = PBXGroup;
			children = (
				F1EF83E72A13712500601EED /* ImageService.swift */,
				F1EF83E92A13714100601EED /* UnsplashImageService.swift */,
				F1EF83E52A136E3700601EED /* SuggestionService.swift */,
				F1B5BF592A02478600E98432 /* ChatGPTService.swift */,
				F1628C4A29F686E100F15463 /* GeocoderService.swift */,
				F1628C4C29F6879A00F15463 /* AppleGeocoderService.swift */,
			);
			path = Services;
			sourceTree = "<group>";
		};
		F106CD7129EFE3B8004BC0D2 /* Models */ = {
			isa = PBXGroup;
			children = (
				F106CD7C29EFFB29004BC0D2 /* PromptData.swift */,
				F151CECF29F6A2A200B2CDE2 /* IdentifiableLocation.swift */,
				F1B5BF5B2A02766100E98432 /* Suggestion.swift */,
			);
			path = Models;
			sourceTree = "<group>";
		};
		F151CED329F6A2ED00B2CDE2 /* Map */ = {
			isa = PBXGroup;
			children = (
				F151CED129F6A2C300B2CDE2 /* MapView.swift */,
			);
			path = Map;
			sourceTree = "<group>";
		};
		F151CED429F6A70900B2CDE2 /* Extenstions */ = {
			isa = PBXGroup;
			children = (
				F106CD6229EEBB44004BC0D2 /* Color+DestiAI.swift */,
				F151CED529F6A72E00B2CDE2 /* CLLocationCoordinate2D+Equatable.swift */,
				F1B5BF622A041BA300E98432 /* Date+Formatted.swift */,
				F17886552A2F41EC0021BF74 /* Collection+SafeIndex.swift */,
			);
			path = Extenstions;
			sourceTree = "<group>";
		};
		F1AC92A32A25F95500CDB286 /* StackNavigation */ = {
			isa = PBXGroup;
			children = (
				F1AC92A52A25FA0700CDB286 /* StackNavigationRouter.swift */,
				F1AC92A72A25FACA00CDB286 /* StackNavigationView.swift */,
				F1AC92A12A24D37E00CDB286 /* StackNavigationView_iOS.swift */,
			);
			path = StackNavigation;
			sourceTree = "<group>";
		};
		F1B5BF612A028C8100E98432 /* Suggestion */ = {
			isa = PBXGroup;
			children = (
				F1AC929F2A24D1CA00CDB286 /* SuggestionStackNavigationRouter.swift */,
				F1B5BF5F2A028C7D00E98432 /* SuggestionView.swift */,
				F1B1111C2A1CF86500BA863D /* SuggestionTitleView.swift */,
				F1AC929C2A24974600CDB286 /* SuggestionActivitiesView.swift */,
				F1AC92A92A264A7000CDB286 /* SuggestionAccomodationView.swift */,
			);
			path = Suggestion;
			sourceTree = "<group>";
		};
/* End PBXGroup section */

/* Begin PBXNativeTarget section */
		F106CD2D29EE886B004BC0D2 /* DestiAI */ = {
			isa = PBXNativeTarget;
			buildConfigurationList = F106CD5329EE886E004BC0D2 /* Build configuration list for PBXNativeTarget "DestiAI" */;
			buildPhases = (
				F106CD2A29EE886B004BC0D2 /* Sources */,
				F106CD2B29EE886B004BC0D2 /* Frameworks */,
				F106CD2C29EE886B004BC0D2 /* Resources */,
			);
			buildRules = (
			);
			dependencies = (
			);
			name = DestiAI;
			productName = DestiAI;
			productReference = F106CD2E29EE886B004BC0D2 /* DestiAI.app */;
			productType = "com.apple.product-type.application";
		};
		F106CD3E29EE886D004BC0D2 /* DestiAITests */ = {
			isa = PBXNativeTarget;
			buildConfigurationList = F106CD5629EE886E004BC0D2 /* Build configuration list for PBXNativeTarget "DestiAITests" */;
			buildPhases = (
				F106CD3B29EE886D004BC0D2 /* Sources */,
				F106CD3C29EE886D004BC0D2 /* Frameworks */,
				F106CD3D29EE886D004BC0D2 /* Resources */,
			);
			buildRules = (
			);
			dependencies = (
				F106CD4129EE886D004BC0D2 /* PBXTargetDependency */,
			);
			name = DestiAITests;
			productName = DestiAITests;
			productReference = F106CD3F29EE886D004BC0D2 /* DestiAITests.xctest */;
			productType = "com.apple.product-type.bundle.unit-test";
		};
		F106CD4829EE886E004BC0D2 /* DestiAIUITests */ = {
			isa = PBXNativeTarget;
			buildConfigurationList = F106CD5929EE886E004BC0D2 /* Build configuration list for PBXNativeTarget "DestiAIUITests" */;
			buildPhases = (
				F106CD4529EE886E004BC0D2 /* Sources */,
				F106CD4629EE886E004BC0D2 /* Frameworks */,
				F106CD4729EE886E004BC0D2 /* Resources */,
			);
			buildRules = (
			);
			dependencies = (
				F106CD4B29EE886E004BC0D2 /* PBXTargetDependency */,
			);
			name = DestiAIUITests;
			productName = DestiAIUITests;
			productReference = F106CD4929EE886E004BC0D2 /* DestiAIUITests.xctest */;
			productType = "com.apple.product-type.bundle.ui-testing";
		};
/* End PBXNativeTarget section */

/* Begin PBXProject section */
		F106CD2629EE886B004BC0D2 /* Project object */ = {
			isa = PBXProject;
			attributes = {
				BuildIndependentTargetsInParallel = 1;
				LastSwiftUpdateCheck = 1430;
				LastUpgradeCheck = 1430;
				TargetAttributes = {
					F106CD2D29EE886B004BC0D2 = {
						CreatedOnToolsVersion = 14.3;
					};
					F106CD3E29EE886D004BC0D2 = {
						CreatedOnToolsVersion = 14.3;
						TestTargetID = F106CD2D29EE886B004BC0D2;
					};
					F106CD4829EE886E004BC0D2 = {
						CreatedOnToolsVersion = 14.3;
						TestTargetID = F106CD2D29EE886B004BC0D2;
					};
				};
			};
			buildConfigurationList = F106CD2929EE886B004BC0D2 /* Build configuration list for PBXProject "DestiAI" */;
			compatibilityVersion = "Xcode 14.0";
			developmentRegion = en;
			hasScannedForEncodings = 0;
			knownRegions = (
				en,
				Base,
			);
			mainGroup = F106CD2529EE886B004BC0D2;
			productRefGroup = F106CD2F29EE886B004BC0D2 /* Products */;
			projectDirPath = "";
			projectRoot = "";
			targets = (
				F106CD2D29EE886B004BC0D2 /* DestiAI */,
				F106CD3E29EE886D004BC0D2 /* DestiAITests */,
				F106CD4829EE886E004BC0D2 /* DestiAIUITests */,
			);
		};
/* End PBXProject section */

/* Begin PBXResourcesBuildPhase section */
		F106CD2C29EE886B004BC0D2 /* Resources */ = {
			isa = PBXResourcesBuildPhase;
			buildActionMask = 2147483647;
			files = (
				F106CD3A29EE886D004BC0D2 /* Preview Assets.xcassets in Resources */,
				F106CD3629EE886D004BC0D2 /* Assets.xcassets in Resources */,
			);
			runOnlyForDeploymentPostprocessing = 0;
		};
		F106CD3D29EE886D004BC0D2 /* Resources */ = {
			isa = PBXResourcesBuildPhase;
			buildActionMask = 2147483647;
			files = (
			);
			runOnlyForDeploymentPostprocessing = 0;
		};
		F106CD4729EE886E004BC0D2 /* Resources */ = {
			isa = PBXResourcesBuildPhase;
			buildActionMask = 2147483647;
			files = (
			);
			runOnlyForDeploymentPostprocessing = 0;
		};
/* End PBXResourcesBuildPhase section */

/* Begin PBXSourcesBuildPhase section */
		F106CD2A29EE886B004BC0D2 /* Sources */ = {
			isa = PBXSourcesBuildPhase;
			buildActionMask = 2147483647;
			files = (
				F1B5BF602A028C7D00E98432 /* SuggestionView.swift in Sources */,
				F1AC92A22A24D37E00CDB286 /* StackNavigationView_iOS.swift in Sources */,
				F1B5BF582A023F5400E98432 /* SearchViewModel.swift in Sources */,
				F102952F29F15BC700C8CA5E /* PromptView.swift in Sources */,
				F1628C4929F6752400F15463 /* LocationPickerView.swift in Sources */,
				F151CED629F6A72E00B2CDE2 /* CLLocationCoordinate2D+Equatable.swift in Sources */,
				F151CED029F6A2A200B2CDE2 /* IdentifiableLocation.swift in Sources */,
				F1B5BF562A00F2F500E98432 /* SearchView.swift in Sources */,
				F1EF83EA2A13714100601EED /* UnsplashImageService.swift in Sources */,
				F102952429F12B9F00C8CA5E /* SidebarView.swift in Sources */,
				F106CD3429EE886B004BC0D2 /* InputView.swift in Sources */,
				F1AC92A02A24D1CA00CDB286 /* SuggestionStackNavigationRouter.swift in Sources */,
				F1B1111D2A1CF86500BA863D /* SuggestionTitleView.swift in Sources */,
				F17886562A2F41EC0021BF74 /* Collection+SafeIndex.swift in Sources */,
				F102952929F134AC00C8CA5E /* ContentView.swift in Sources */,
				F1EF83E82A13712600601EED /* ImageService.swift in Sources */,
				F1AC92AA2A264A7000CDB286 /* SuggestionAccomodationView.swift in Sources */,
				F1B5BF5A2A02478600E98432 /* ChatGPTService.swift in Sources */,
				F1B5BF5C2A02766100E98432 /* Suggestion.swift in Sources */,
				F106CD6329EEBB44004BC0D2 /* Color+DestiAI.swift in Sources */,
				F106CD6929EFD0D8004BC0D2 /* InputViewModel.swift in Sources */,
				F1AC929D2A24974600CDB286 /* SuggestionActivitiesView.swift in Sources */,
				F1B5BF5E2A028A9300E98432 /* SuggestionViewModel.swift in Sources */,
				F106CD6129EEA5BE004BC0D2 /* QuestionsView.swift in Sources */,
				F102953A29F2C52A00C8CA5E /* LocationView.swift in Sources */,
				F1628C4B29F686E100F15463 /* GeocoderService.swift in Sources */,
				F1628C4D29F6879A00F15463 /* AppleGeocoderService.swift in Sources */,
				F1AC92A62A25FA0700CDB286 /* StackNavigationRouter.swift in Sources */,
				F106CD7D29EFFB29004BC0D2 /* PromptData.swift in Sources */,
				F102952629F1343000C8CA5E /* SplitViewNavigationRouter.swift in Sources */,
				F106CD7F29F00E2B004BC0D2 /* SplitView.swift in Sources */,
				F1AC92A82A25FACA00CDB286 /* StackNavigationView.swift in Sources */,
				F151CED229F6A2C300B2CDE2 /* MapView.swift in Sources */,
				F102952D29F15BB500C8CA5E /* WelcomeView.swift in Sources */,
				F1628C4729F66AC100F15463 /* LocationViewModel.swift in Sources */,
				F106CD3229EE886B004BC0D2 /* DestiAIApp.swift in Sources */,
				F1B5BF632A041BA300E98432 /* Date+Formatted.swift in Sources */,
				F1EF83E62A136E3700601EED /* SuggestionService.swift in Sources */,
			);
			runOnlyForDeploymentPostprocessing = 0;
		};
		F106CD3B29EE886D004BC0D2 /* Sources */ = {
			isa = PBXSourcesBuildPhase;
			buildActionMask = 2147483647;
			files = (
				F106CD4429EE886D004BC0D2 /* DestiAITests.swift in Sources */,
			);
			runOnlyForDeploymentPostprocessing = 0;
		};
		F106CD4529EE886E004BC0D2 /* Sources */ = {
			isa = PBXSourcesBuildPhase;
			buildActionMask = 2147483647;
			files = (
				F106CD5029EE886E004BC0D2 /* DestiAIUITestsLaunchTests.swift in Sources */,
				F106CD4E29EE886E004BC0D2 /* DestiAIUITests.swift in Sources */,
			);
			runOnlyForDeploymentPostprocessing = 0;
		};
/* End PBXSourcesBuildPhase section */

/* Begin PBXTargetDependency section */
		F106CD4129EE886D004BC0D2 /* PBXTargetDependency */ = {
			isa = PBXTargetDependency;
			target = F106CD2D29EE886B004BC0D2 /* DestiAI */;
			targetProxy = F106CD4029EE886D004BC0D2 /* PBXContainerItemProxy */;
		};
		F106CD4B29EE886E004BC0D2 /* PBXTargetDependency */ = {
			isa = PBXTargetDependency;
			target = F106CD2D29EE886B004BC0D2 /* DestiAI */;
			targetProxy = F106CD4A29EE886E004BC0D2 /* PBXContainerItemProxy */;
		};
/* End PBXTargetDependency section */

/* Begin XCBuildConfiguration section */
		F106CD5129EE886E004BC0D2 /* Debug */ = {
			isa = XCBuildConfiguration;
			buildSettings = {
				ALWAYS_SEARCH_USER_PATHS = NO;
				CLANG_ANALYZER_NONNULL = YES;
				CLANG_ANALYZER_NUMBER_OBJECT_CONVERSION = YES_AGGRESSIVE;
				CLANG_CXX_LANGUAGE_STANDARD = "gnu++20";
				CLANG_ENABLE_MODULES = YES;
				CLANG_ENABLE_OBJC_ARC = YES;
				CLANG_ENABLE_OBJC_WEAK = YES;
				CLANG_WARN_BLOCK_CAPTURE_AUTORELEASING = YES;
				CLANG_WARN_BOOL_CONVERSION = YES;
				CLANG_WARN_COMMA = YES;
				CLANG_WARN_CONSTANT_CONVERSION = YES;
				CLANG_WARN_DEPRECATED_OBJC_IMPLEMENTATIONS = YES;
				CLANG_WARN_DIRECT_OBJC_ISA_USAGE = YES_ERROR;
				CLANG_WARN_DOCUMENTATION_COMMENTS = YES;
				CLANG_WARN_EMPTY_BODY = YES;
				CLANG_WARN_ENUM_CONVERSION = YES;
				CLANG_WARN_INFINITE_RECURSION = YES;
				CLANG_WARN_INT_CONVERSION = YES;
				CLANG_WARN_NON_LITERAL_NULL_CONVERSION = YES;
				CLANG_WARN_OBJC_IMPLICIT_RETAIN_SELF = YES;
				CLANG_WARN_OBJC_LITERAL_CONVERSION = YES;
				CLANG_WARN_OBJC_ROOT_CLASS = YES_ERROR;
				CLANG_WARN_QUOTED_INCLUDE_IN_FRAMEWORK_HEADER = YES;
				CLANG_WARN_RANGE_LOOP_ANALYSIS = YES;
				CLANG_WARN_STRICT_PROTOTYPES = YES;
				CLANG_WARN_SUSPICIOUS_MOVE = YES;
				CLANG_WARN_UNGUARDED_AVAILABILITY = YES_AGGRESSIVE;
				CLANG_WARN_UNREACHABLE_CODE = YES;
				CLANG_WARN__DUPLICATE_METHOD_MATCH = YES;
				COPY_PHASE_STRIP = NO;
				DEBUG_INFORMATION_FORMAT = dwarf;
				ENABLE_STRICT_OBJC_MSGSEND = YES;
				ENABLE_TESTABILITY = YES;
				GCC_C_LANGUAGE_STANDARD = gnu11;
				GCC_DYNAMIC_NO_PIC = NO;
				GCC_NO_COMMON_BLOCKS = YES;
				GCC_OPTIMIZATION_LEVEL = 0;
				GCC_PREPROCESSOR_DEFINITIONS = (
					"DEBUG=1",
					"$(inherited)",
				);
				GCC_WARN_64_TO_32_BIT_CONVERSION = YES;
				GCC_WARN_ABOUT_RETURN_TYPE = YES_ERROR;
				GCC_WARN_UNDECLARED_SELECTOR = YES;
				GCC_WARN_UNINITIALIZED_AUTOS = YES_AGGRESSIVE;
				GCC_WARN_UNUSED_FUNCTION = YES;
				GCC_WARN_UNUSED_VARIABLE = YES;
				MTL_ENABLE_DEBUG_INFO = INCLUDE_SOURCE;
				MTL_FAST_MATH = YES;
				ONLY_ACTIVE_ARCH = YES;
				SWIFT_ACTIVE_COMPILATION_CONDITIONS = DEBUG;
				SWIFT_OPTIMIZATION_LEVEL = "-Onone";
			};
			name = Debug;
		};
		F106CD5229EE886E004BC0D2 /* Release */ = {
			isa = XCBuildConfiguration;
			buildSettings = {
				ALWAYS_SEARCH_USER_PATHS = NO;
				CLANG_ANALYZER_NONNULL = YES;
				CLANG_ANALYZER_NUMBER_OBJECT_CONVERSION = YES_AGGRESSIVE;
				CLANG_CXX_LANGUAGE_STANDARD = "gnu++20";
				CLANG_ENABLE_MODULES = YES;
				CLANG_ENABLE_OBJC_ARC = YES;
				CLANG_ENABLE_OBJC_WEAK = YES;
				CLANG_WARN_BLOCK_CAPTURE_AUTORELEASING = YES;
				CLANG_WARN_BOOL_CONVERSION = YES;
				CLANG_WARN_COMMA = YES;
				CLANG_WARN_CONSTANT_CONVERSION = YES;
				CLANG_WARN_DEPRECATED_OBJC_IMPLEMENTATIONS = YES;
				CLANG_WARN_DIRECT_OBJC_ISA_USAGE = YES_ERROR;
				CLANG_WARN_DOCUMENTATION_COMMENTS = YES;
				CLANG_WARN_EMPTY_BODY = YES;
				CLANG_WARN_ENUM_CONVERSION = YES;
				CLANG_WARN_INFINITE_RECURSION = YES;
				CLANG_WARN_INT_CONVERSION = YES;
				CLANG_WARN_NON_LITERAL_NULL_CONVERSION = YES;
				CLANG_WARN_OBJC_IMPLICIT_RETAIN_SELF = YES;
				CLANG_WARN_OBJC_LITERAL_CONVERSION = YES;
				CLANG_WARN_OBJC_ROOT_CLASS = YES_ERROR;
				CLANG_WARN_QUOTED_INCLUDE_IN_FRAMEWORK_HEADER = YES;
				CLANG_WARN_RANGE_LOOP_ANALYSIS = YES;
				CLANG_WARN_STRICT_PROTOTYPES = YES;
				CLANG_WARN_SUSPICIOUS_MOVE = YES;
				CLANG_WARN_UNGUARDED_AVAILABILITY = YES_AGGRESSIVE;
				CLANG_WARN_UNREACHABLE_CODE = YES;
				CLANG_WARN__DUPLICATE_METHOD_MATCH = YES;
				COPY_PHASE_STRIP = NO;
				DEBUG_INFORMATION_FORMAT = "dwarf-with-dsym";
				ENABLE_NS_ASSERTIONS = NO;
				ENABLE_STRICT_OBJC_MSGSEND = YES;
				GCC_C_LANGUAGE_STANDARD = gnu11;
				GCC_NO_COMMON_BLOCKS = YES;
				GCC_WARN_64_TO_32_BIT_CONVERSION = YES;
				GCC_WARN_ABOUT_RETURN_TYPE = YES_ERROR;
				GCC_WARN_UNDECLARED_SELECTOR = YES;
				GCC_WARN_UNINITIALIZED_AUTOS = YES_AGGRESSIVE;
				GCC_WARN_UNUSED_FUNCTION = YES;
				GCC_WARN_UNUSED_VARIABLE = YES;
				MTL_ENABLE_DEBUG_INFO = NO;
				MTL_FAST_MATH = YES;
				SWIFT_COMPILATION_MODE = wholemodule;
				SWIFT_OPTIMIZATION_LEVEL = "-O";
			};
			name = Release;
		};
		F106CD5429EE886E004BC0D2 /* Debug */ = {
			isa = XCBuildConfiguration;
			buildSettings = {
				ASSETCATALOG_COMPILER_APPICON_NAME = AppIcon;
				ASSETCATALOG_COMPILER_GLOBAL_ACCENT_COLOR_NAME = AccentColor;
				CODE_SIGN_ENTITLEMENTS = DestiAI/DestiAI.entitlements;
				CODE_SIGN_IDENTITY = "Apple Development";
				CODE_SIGN_STYLE = Automatic;
				CURRENT_PROJECT_VERSION = 1;
				DEVELOPMENT_ASSET_PATHS = "\"DestiAI/Preview Content\"";
				DEVELOPMENT_TEAM = QA7C3BG73H;
				ENABLE_HARDENED_RUNTIME = YES;
				ENABLE_PREVIEWS = YES;
				GENERATE_INFOPLIST_FILE = YES;
				INFOPLIST_FILE = DestiAI/Info.plist;
				INFOPLIST_KEY_LSApplicationCategoryType = "";
				INFOPLIST_KEY_NSLocationWhenInUseUsageDescription = "Location acces is required in order to determine your home base.";
				"INFOPLIST_KEY_UIApplicationSceneManifest_Generation[sdk=iphoneos*]" = YES;
				"INFOPLIST_KEY_UIApplicationSceneManifest_Generation[sdk=iphonesimulator*]" = YES;
				"INFOPLIST_KEY_UIApplicationSupportsIndirectInputEvents[sdk=iphoneos*]" = YES;
				"INFOPLIST_KEY_UIApplicationSupportsIndirectInputEvents[sdk=iphonesimulator*]" = YES;
				"INFOPLIST_KEY_UILaunchScreen_Generation[sdk=iphoneos*]" = YES;
				"INFOPLIST_KEY_UILaunchScreen_Generation[sdk=iphonesimulator*]" = YES;
				INFOPLIST_KEY_UIRequiresFullScreen = NO;
				INFOPLIST_KEY_UIStatusBarStyle = "";
				"INFOPLIST_KEY_UIStatusBarStyle[sdk=iphoneos*]" = UIStatusBarStyleDefault;
				"INFOPLIST_KEY_UIStatusBarStyle[sdk=iphonesimulator*]" = UIStatusBarStyleDefault;
				INFOPLIST_KEY_UISupportedInterfaceOrientations_iPad = "UIInterfaceOrientationPortrait UIInterfaceOrientationPortraitUpsideDown UIInterfaceOrientationLandscapeLeft UIInterfaceOrientationLandscapeRight";
				INFOPLIST_KEY_UISupportedInterfaceOrientations_iPhone = "UIInterfaceOrientationPortrait UIInterfaceOrientationLandscapeLeft UIInterfaceOrientationLandscapeRight";
				IPHONEOS_DEPLOYMENT_TARGET = 16.0;
				LD_RUNPATH_SEARCH_PATHS = "@executable_path/Frameworks";
				"LD_RUNPATH_SEARCH_PATHS[sdk=macosx*]" = "@executable_path/../Frameworks";
				MACOSX_DEPLOYMENT_TARGET = 13.2;
				MARKETING_VERSION = 1.0;
				PRODUCT_BUNDLE_IDENTIFIER = com.smallapps.DestiAI;
				PRODUCT_NAME = "$(TARGET_NAME)";
				PROVISIONING_PROFILE_SPECIFIER = "";
				SDKROOT = auto;
				SUPPORTED_PLATFORMS = "iphoneos iphonesimulator macosx";
				SWIFT_EMIT_LOC_STRINGS = YES;
				SWIFT_VERSION = 5.0;
				TARGETED_DEVICE_FAMILY = "1,2";
			};
			name = Debug;
		};
		F106CD5529EE886E004BC0D2 /* Release */ = {
			isa = XCBuildConfiguration;
			buildSettings = {
				ASSETCATALOG_COMPILER_APPICON_NAME = AppIcon;
				ASSETCATALOG_COMPILER_GLOBAL_ACCENT_COLOR_NAME = AccentColor;
				CODE_SIGN_ENTITLEMENTS = DestiAI/DestiAI.entitlements;
				CODE_SIGN_IDENTITY = "Apple Development";
				CODE_SIGN_STYLE = Automatic;
				CURRENT_PROJECT_VERSION = 1;
				DEVELOPMENT_ASSET_PATHS = "\"DestiAI/Preview Content\"";
				DEVELOPMENT_TEAM = QA7C3BG73H;
				ENABLE_HARDENED_RUNTIME = YES;
				ENABLE_PREVIEWS = YES;
				GENERATE_INFOPLIST_FILE = YES;
				INFOPLIST_FILE = DestiAI/Info.plist;
				INFOPLIST_KEY_LSApplicationCategoryType = "";
				INFOPLIST_KEY_NSLocationWhenInUseUsageDescription = "Location acces is required in order to determine your home base.";
				"INFOPLIST_KEY_UIApplicationSceneManifest_Generation[sdk=iphoneos*]" = YES;
				"INFOPLIST_KEY_UIApplicationSceneManifest_Generation[sdk=iphonesimulator*]" = YES;
				"INFOPLIST_KEY_UIApplicationSupportsIndirectInputEvents[sdk=iphoneos*]" = YES;
				"INFOPLIST_KEY_UIApplicationSupportsIndirectInputEvents[sdk=iphonesimulator*]" = YES;
				"INFOPLIST_KEY_UILaunchScreen_Generation[sdk=iphoneos*]" = YES;
				"INFOPLIST_KEY_UILaunchScreen_Generation[sdk=iphonesimulator*]" = YES;
				INFOPLIST_KEY_UIRequiresFullScreen = NO;
				INFOPLIST_KEY_UIStatusBarStyle = "";
				"INFOPLIST_KEY_UIStatusBarStyle[sdk=iphoneos*]" = UIStatusBarStyleDefault;
				"INFOPLIST_KEY_UIStatusBarStyle[sdk=iphonesimulator*]" = UIStatusBarStyleDefault;
				INFOPLIST_KEY_UISupportedInterfaceOrientations_iPad = "UIInterfaceOrientationPortrait UIInterfaceOrientationPortraitUpsideDown UIInterfaceOrientationLandscapeLeft UIInterfaceOrientationLandscapeRight";
				INFOPLIST_KEY_UISupportedInterfaceOrientations_iPhone = "UIInterfaceOrientationPortrait UIInterfaceOrientationLandscapeLeft UIInterfaceOrientationLandscapeRight";
				IPHONEOS_DEPLOYMENT_TARGET = 16.0;
				LD_RUNPATH_SEARCH_PATHS = "@executable_path/Frameworks";
				"LD_RUNPATH_SEARCH_PATHS[sdk=macosx*]" = "@executable_path/../Frameworks";
				MACOSX_DEPLOYMENT_TARGET = 13.2;
				MARKETING_VERSION = 1.0;
				PRODUCT_BUNDLE_IDENTIFIER = com.smallapps.DestiAI;
				PRODUCT_NAME = "$(TARGET_NAME)";
				PROVISIONING_PROFILE_SPECIFIER = "";
				SDKROOT = auto;
				SUPPORTED_PLATFORMS = "iphoneos iphonesimulator macosx";
				SWIFT_EMIT_LOC_STRINGS = YES;
				SWIFT_VERSION = 5.0;
				TARGETED_DEVICE_FAMILY = "1,2";
			};
			name = Release;
		};
		F106CD5729EE886E004BC0D2 /* Debug */ = {
			isa = XCBuildConfiguration;
			buildSettings = {
				ALWAYS_EMBED_SWIFT_STANDARD_LIBRARIES = YES;
				BUNDLE_LOADER = "$(TEST_HOST)";
				CODE_SIGN_STYLE = Automatic;
				CURRENT_PROJECT_VERSION = 1;
				DEVELOPMENT_TEAM = QA7C3BG73H;
				GENERATE_INFOPLIST_FILE = YES;
				IPHONEOS_DEPLOYMENT_TARGET = 16.4;
				MACOSX_DEPLOYMENT_TARGET = 13.2;
				MARKETING_VERSION = 1.0;
				PRODUCT_BUNDLE_IDENTIFIER = com.smallapps.DestiAITests;
				PRODUCT_NAME = "$(TARGET_NAME)";
				SDKROOT = auto;
				SUPPORTED_PLATFORMS = "iphoneos iphonesimulator macosx";
				SWIFT_EMIT_LOC_STRINGS = NO;
				SWIFT_VERSION = 5.0;
				TARGETED_DEVICE_FAMILY = "1,2";
				TEST_HOST = "$(BUILT_PRODUCTS_DIR)/DestiAI.app/$(BUNDLE_EXECUTABLE_FOLDER_PATH)/DestiAI";
			};
			name = Debug;
		};
		F106CD5829EE886E004BC0D2 /* Release */ = {
			isa = XCBuildConfiguration;
			buildSettings = {
				ALWAYS_EMBED_SWIFT_STANDARD_LIBRARIES = YES;
				BUNDLE_LOADER = "$(TEST_HOST)";
				CODE_SIGN_STYLE = Automatic;
				CURRENT_PROJECT_VERSION = 1;
				DEVELOPMENT_TEAM = QA7C3BG73H;
				GENERATE_INFOPLIST_FILE = YES;
				IPHONEOS_DEPLOYMENT_TARGET = 16.4;
				MACOSX_DEPLOYMENT_TARGET = 13.2;
				MARKETING_VERSION = 1.0;
				PRODUCT_BUNDLE_IDENTIFIER = com.smallapps.DestiAITests;
				PRODUCT_NAME = "$(TARGET_NAME)";
				SDKROOT = auto;
				SUPPORTED_PLATFORMS = "iphoneos iphonesimulator macosx";
				SWIFT_EMIT_LOC_STRINGS = NO;
				SWIFT_VERSION = 5.0;
				TARGETED_DEVICE_FAMILY = "1,2";
				TEST_HOST = "$(BUILT_PRODUCTS_DIR)/DestiAI.app/$(BUNDLE_EXECUTABLE_FOLDER_PATH)/DestiAI";
			};
			name = Release;
		};
		F106CD5A29EE886E004BC0D2 /* Debug */ = {
			isa = XCBuildConfiguration;
			buildSettings = {
				ALWAYS_EMBED_SWIFT_STANDARD_LIBRARIES = YES;
				CODE_SIGN_STYLE = Automatic;
				CURRENT_PROJECT_VERSION = 1;
				DEVELOPMENT_TEAM = QA7C3BG73H;
				GENERATE_INFOPLIST_FILE = YES;
				IPHONEOS_DEPLOYMENT_TARGET = 16.4;
				MACOSX_DEPLOYMENT_TARGET = 13.2;
				MARKETING_VERSION = 1.0;
				PRODUCT_BUNDLE_IDENTIFIER = com.smallapps.DestiAIUITests;
				PRODUCT_NAME = "$(TARGET_NAME)";
				SDKROOT = auto;
				SUPPORTED_PLATFORMS = "iphoneos iphonesimulator macosx";
				SWIFT_EMIT_LOC_STRINGS = NO;
				SWIFT_VERSION = 5.0;
				TARGETED_DEVICE_FAMILY = "1,2";
				TEST_TARGET_NAME = DestiAI;
			};
			name = Debug;
		};
		F106CD5B29EE886E004BC0D2 /* Release */ = {
			isa = XCBuildConfiguration;
			buildSettings = {
				ALWAYS_EMBED_SWIFT_STANDARD_LIBRARIES = YES;
				CODE_SIGN_STYLE = Automatic;
				CURRENT_PROJECT_VERSION = 1;
				DEVELOPMENT_TEAM = QA7C3BG73H;
				GENERATE_INFOPLIST_FILE = YES;
				IPHONEOS_DEPLOYMENT_TARGET = 16.4;
				MACOSX_DEPLOYMENT_TARGET = 13.2;
				MARKETING_VERSION = 1.0;
				PRODUCT_BUNDLE_IDENTIFIER = com.smallapps.DestiAIUITests;
				PRODUCT_NAME = "$(TARGET_NAME)";
				SDKROOT = auto;
				SUPPORTED_PLATFORMS = "iphoneos iphonesimulator macosx";
				SWIFT_EMIT_LOC_STRINGS = NO;
				SWIFT_VERSION = 5.0;
				TARGETED_DEVICE_FAMILY = "1,2";
				TEST_TARGET_NAME = DestiAI;
			};
			name = Release;
		};
/* End XCBuildConfiguration section */

/* Begin XCConfigurationList section */
		F106CD2929EE886B004BC0D2 /* Build configuration list for PBXProject "DestiAI" */ = {
			isa = XCConfigurationList;
			buildConfigurations = (
				F106CD5129EE886E004BC0D2 /* Debug */,
				F106CD5229EE886E004BC0D2 /* Release */,
			);
			defaultConfigurationIsVisible = 0;
			defaultConfigurationName = Release;
		};
		F106CD5329EE886E004BC0D2 /* Build configuration list for PBXNativeTarget "DestiAI" */ = {
			isa = XCConfigurationList;
			buildConfigurations = (
				F106CD5429EE886E004BC0D2 /* Debug */,
				F106CD5529EE886E004BC0D2 /* Release */,
			);
			defaultConfigurationIsVisible = 0;
			defaultConfigurationName = Release;
		};
		F106CD5629EE886E004BC0D2 /* Build configuration list for PBXNativeTarget "DestiAITests" */ = {
			isa = XCConfigurationList;
			buildConfigurations = (
				F106CD5729EE886E004BC0D2 /* Debug */,
				F106CD5829EE886E004BC0D2 /* Release */,
			);
			defaultConfigurationIsVisible = 0;
			defaultConfigurationName = Release;
		};
		F106CD5929EE886E004BC0D2 /* Build configuration list for PBXNativeTarget "DestiAIUITests" */ = {
			isa = XCConfigurationList;
			buildConfigurations = (
				F106CD5A29EE886E004BC0D2 /* Debug */,
				F106CD5B29EE886E004BC0D2 /* Release */,
			);
			defaultConfigurationIsVisible = 0;
			defaultConfigurationName = Release;
		};
/* End XCConfigurationList section */
	};
	rootObject = F106CD2629EE886B004BC0D2 /* Project object */;
}
